
Microsoft Visual Studio Solution File, Format Version 12.00
# Visual Studio 15
Project("{FAE04EC0-301F-11D3-BF4B-00C04F79EFBC}") = "Assembly-CSharp", "Assembly-CSharp.csproj", "{142B3733-2CB2-1E9C-269B-2CB9F69E8BF7}"
EndProject
Project("{FAE04EC0-301F-11D3-BF4B-00C04F79EFBC}") = "Assembly-CSharp-Editor", "Assembly-CSharp-Editor.csproj", "{CFEFDE08-3C7D-F286-351D-AFC851126B98}"
EndProject
Global
	GlobalSection(SolutionConfigurationPlatforms) = preSolution
		Debug|Any CPU = Debug|Any CPU
		Release|Any CPU = Release|Any CPU
	EndGlobalSection
	GlobalSection(ProjectConfigurationPlatforms) = postSolution
		{142B3733-2CB2-1E9C-269B-2CB9F69E8BF7}.Debug|Any CPU.ActiveCfg = Debug|Any CPU
		{142B3733-2CB2-1E9C-269B-2CB9F69E8BF7}.Debug|Any CPU.Build.0 = Debug|Any CPU
		{142B3733-2CB2-1E9C-269B-2CB9F69E8BF7}.Release|Any CPU.ActiveCfg = Release|Any CPU
		{142B3733-2CB2-1E9C-269B-2CB9F69E8BF7}.Release|Any CPU.Build.0 = Release|Any CPU
		{CFEFDE08-3C7D-F286-351D-AFC851126B98}.Debug|Any CPU.ActiveCfg = Debug|Any CPU
		{CFEFDE08-3C7D-F286-351D-AFC851126B98}.Debug|Any CPU.Build.0 = Debug|Any CPU
		{CFEFDE08-3C7D-F286-351D-AFC851126B98}.Release|Any CPU.ActiveCfg = Release|Any CPU
		{CFEFDE08-3C7D-F286-351D-AFC851126B98}.Release|Any CPU.Build.0 = Release|Any CPU
	EndGlobalSection
	GlobalSection(SolutionProperties) = preSolution
		HideSolutionNode = FALSE
	EndGlobalSection
EndGlobal
